
Microsoft Visual Studio Solution File, Format Version 12.00
# Visual Studio Version 16
VisualStudioVersion = 16.0.31702.278
MinimumVisualStudioVersion = 10.0.40219.1
Project("{FAE04EC0-301F-11D3-BF4B-00C04F79EFBC}") = "CharacterRecordsGenerator", "CharacterRecordsGenerator\CharacterRecordsGenerator.csproj", "{2E1295C2-7BD9-454E-B13E-8A22448DD5F6}"
EndProject
Project("{FAE04EC0-301F-11D3-BF4B-00C04F79EFBC}") = "CharacterRecordsGenerator.Tests", "CharacterRecordsGeneratorTests\CharacterRecordsGenerator.Tests.csproj", "{195A07A8-03F7-4A1F-932F-73F934EF324F}"
	ProjectSection(ProjectDependencies) = postProject
		{2E1295C2-7BD9-454E-B13E-8A22448DD5F6} = {2E1295C2-7BD9-454E-B13E-8A22448DD5F6}
	EndProjectSection
EndProject
Global
	GlobalSection(SolutionConfigurationPlatforms) = preSolution
		Debug|Any CPU = Debug|Any CPU
		Debug|x64 = Debug|x64
		Debug|x86 = Debug|x86
		Release|Any CPU = Release|Any CPU
		Release|x64 = Release|x64
		Release|x86 = Release|x86
	EndGlobalSection
	GlobalSection(ProjectConfigurationPlatforms) = postSolution
		{2E1295C2-7BD9-454E-B13E-8A22448DD5F6}.Debug|Any CPU.ActiveCfg = Debug|Any CPU
		{2E1295C2-7BD9-454E-B13E-8A22448DD5F6}.Debug|Any CPU.Build.0 = Debug|Any CPU
		{2E1295C2-7BD9-454E-B13E-8A22448DD5F6}.Debug|x64.ActiveCfg = Debug|x64
		{2E1295C2-7BD9-454E-B13E-8A22448DD5F6}.Debug|x64.Build.0 = Debug|x64
		{2E1295C2-7BD9-454E-B13E-8A22448DD5F6}.Debug|x86.ActiveCfg = Debug|x86
		{2E1295C2-7BD9-454E-B13E-8A22448DD5F6}.Debug|x86.Build.0 = Debug|x86
		{2E1295C2-7BD9-454E-B13E-8A22448DD5F6}.Release|Any CPU.ActiveCfg = Release|Any CPU
		{2E1295C2-7BD9-454E-B13E-8A22448DD5F6}.Release|Any CPU.Build.0 = Release|Any CPU
		{2E1295C2-7BD9-454E-B13E-8A22448DD5F6}.Release|x64.ActiveCfg = Release|x64
		{2E1295C2-7BD9-454E-B13E-8A22448DD5F6}.Release|x64.Build.0 = Release|x64
		{2E1295C2-7BD9-454E-B13E-8A22448DD5F6}.Release|x86.ActiveCfg = Release|x86
		{2E1295C2-7BD9-454E-B13E-8A22448DD5F6}.Release|x86.Build.0 = Release|x86
		{195A07A8-03F7-4A1F-932F-73F934EF324F}.Debug|Any CPU.ActiveCfg = Debug|Any CPU
		{195A07A8-03F7-4A1F-932F-73F934EF324F}.Debug|Any CPU.Build.0 = Debug|Any CPU
		{195A07A8-03F7-4A1F-932F-73F934EF324F}.Debug|x64.ActiveCfg = Debug|Any CPU
		{195A07A8-03F7-4A1F-932F-73F934EF324F}.Debug|x64.Build.0 = Debug|Any CPU
		{195A07A8-03F7-4A1F-932F-73F934EF324F}.Debug|x86.ActiveCfg = Debug|Any CPU
		{195A07A8-03F7-4A1F-932F-73F934EF324F}.Debug|x86.Build.0 = Debug|Any CPU
		{195A07A8-03F7-4A1F-932F-73F934EF324F}.Release|Any CPU.ActiveCfg = Release|Any CPU
		{195A07A8-03F7-4A1F-932F-73F934EF324F}.Release|Any CPU.Build.0 = Release|Any CPU
		{195A07A8-03F7-4A1F-932F-73F934EF324F}.Release|x64.ActiveCfg = Release|Any CPU
		{195A07A8-03F7-4A1F-932F-73F934EF324F}.Release|x64.Build.0 = Release|Any CPU
		{195A07A8-03F7-4A1F-932F-73F934EF324F}.Release|x86.ActiveCfg = Release|Any CPU
		{195A07A8-03F7-4A1F-932F-73F934EF324F}.Release|x86.Build.0 = Release|Any CPU
	EndGlobalSection
	GlobalSection(SolutionProperties) = preSolution
		HideSolutionNode = FALSE
	EndGlobalSection
	GlobalSection(ExtensibilityGlobals) = postSolution
		SolutionGuid = {3F94E0AF-3102-424C-A6C2-B930212E7CD8}
	EndGlobalSection
EndGlobal
